<?xml version="1.0" encoding="utf-8"?>
<Project ToolsVersion="4.0" xmlns="http://schemas.microsoft.com/developer/msbuild/2003">
  <ItemGroup>
    <Filter Include="examples">
      <UniqueIdentifier>{7af5fc80-46a4-432b-99cd-c4d784049b5a}</UniqueIdentifier>
    </Filter>
    <Filter Include="utility">
      <UniqueIdentifier>{6bf729f2-a71d-444a-9dd0-54b35a199542}</UniqueIdentifier>
    </Filter>
    <Filter Include="tests">
      <UniqueIdentifier>{b0f9588a-93b4-47ee-a813-e448ee59bfad}</UniqueIdentifier>
    </Filter>
    <Filter Include="libsrc">
      <UniqueIdentifier>{06e8a806-8367-4b2d-8965-90414c738e16}</UniqueIdentifier>
    </Filter>
  </ItemGroup>
  <ItemGroup>
    <ClInclude Include="ANSI.h">
      <Filter>utility</Filter>
    </ClInclude>
    <ClInclude Include="common.h">
      <Filter>utility</Filter>
    </ClInclude>
    <ClInclude Include="Logger.h">
      <Filter>utility</Filter>
    </ClInclude>
    <ClInclude Include="DFA.h">
      <Filter>libsrc</Filter>
    </ClInclude>
    <ClInclude Include="NFA.h">
      <Filter>libsrc</Filter>
    </ClInclude>
    <ClInclude Include="FiniteStateMachine.h">
      <Filter>libsrc</Filter>
    </ClInclude>
    <ClInclude Include="tests\fsm.h">
      <Filter>tests</Filter>
    </ClInclude>
    <ClInclude Include="tests\universal.h">
      <Filter>tests</Filter>
    </ClInclude>
  </ItemGroup>
  <ItemGroup>
    <ClCompile Include="common.cpp">
      <Filter>utility</Filter>
    </ClCompile>
    <ClCompile Include="Logger.cpp">
      <Filter>utility</Filter>
    </ClCompile>
    <ClCompile Include="FiniteStateMachine.cpp">
      <Filter>libsrc</Filter>
    </ClCompile>
    <ClCompile Include="examples\example_dfa.cpp">
      <Filter>examples</Filter>
    </ClCompile>
    <ClCompile Include="examples\example_nfa.cpp">
      <Filter>examples</Filter>
    </ClCompile>
    <ClCompile Include="examples\main.cpp">
      <Filter>examples</Filter>
    </ClCompile>
    <ClCompile Include="tests\dfa.cpp">
      <Filter>tests</Filter>
    </ClCompile>
    <ClCompile Include="tests\nfa.cpp">
      <Filter>tests</Filter>
    </ClCompile>
  </ItemGroup>
  <ItemGroup>
    <None Include="packages.config" />
  </ItemGroup>
</Project>